
Microsoft Visual Studio Solution File, Format Version 12.00
Project("{FAE04EC0-301F-11D3-BF4B-00C04F79EFBC}") = "Day1_HistorianHysteria", "Day1_HistorianHysteria\Day1_HistorianHysteria.csproj", "{AE8F5E46-A5EC-41E0-8474-1A4A3A279EAD}"
EndProject
Project("{FAE04EC0-301F-11D3-BF4B-00C04F79EFBC}") = "Extensions", "Extensions\Extensions.csproj", "{047B5A75-80CA-4C55-B524-DF90F46CCF2E}"
EndProject
Project("{FAE04EC0-301F-11D3-BF4B-00C04F79EFBC}") = "Day2_RedNoseReports", "Day2_RedNoseReports\Day2_RedNoseReports.csproj", "{DEDE3A26-98AF-41B0-9BBD-270ADAC4A250}"
EndProject
Project("{FAE04EC0-301F-11D3-BF4B-00C04F79EFBC}") = "Day3_MullItOver", "Day3_MullItOver\Day3_MullItOver.csproj", "{A343B1F0-82BE-4695-9A19-17078D6F5084}"
EndProject
Project("{FAE04EC0-301F-11D3-BF4B-00C04F79EFBC}") = "Day4_CeresSearch", "Day4_CeresSearch\Day4_CeresSearch.csproj", "{CA801C1E-068A-4212-B608-A0FE2073EBC7}"
EndProject
Global
	GlobalSection(SolutionConfigurationPlatforms) = preSolution
		Debug|Any CPU = Debug|Any CPU
		Release|Any CPU = Release|Any CPU
	EndGlobalSection
	GlobalSection(ProjectConfigurationPlatforms) = postSolution
		{AE8F5E46-A5EC-41E0-8474-1A4A3A279EAD}.Debug|Any CPU.ActiveCfg = Debug|Any CPU
		{AE8F5E46-A5EC-41E0-8474-1A4A3A279EAD}.Debug|Any CPU.Build.0 = Debug|Any CPU
		{AE8F5E46-A5EC-41E0-8474-1A4A3A279EAD}.Release|Any CPU.ActiveCfg = Release|Any CPU
		{AE8F5E46-A5EC-41E0-8474-1A4A3A279EAD}.Release|Any CPU.Build.0 = Release|Any CPU
		{047B5A75-80CA-4C55-B524-DF90F46CCF2E}.Debug|Any CPU.ActiveCfg = Debug|Any CPU
		{047B5A75-80CA-4C55-B524-DF90F46CCF2E}.Debug|Any CPU.Build.0 = Debug|Any CPU
		{047B5A75-80CA-4C55-B524-DF90F46CCF2E}.Release|Any CPU.ActiveCfg = Release|Any CPU
		{047B5A75-80CA-4C55-B524-DF90F46CCF2E}.Release|Any CPU.Build.0 = Release|Any CPU
		{DEDE3A26-98AF-41B0-9BBD-270ADAC4A250}.Debug|Any CPU.ActiveCfg = Debug|Any CPU
		{DEDE3A26-98AF-41B0-9BBD-270ADAC4A250}.Debug|Any CPU.Build.0 = Debug|Any CPU
		{DEDE3A26-98AF-41B0-9BBD-270ADAC4A250}.Release|Any CPU.ActiveCfg = Release|Any CPU
		{DEDE3A26-98AF-41B0-9BBD-270ADAC4A250}.Release|Any CPU.Build.0 = Release|Any CPU
		{A343B1F0-82BE-4695-9A19-17078D6F5084}.Debug|Any CPU.ActiveCfg = Debug|Any CPU
		{A343B1F0-82BE-4695-9A19-17078D6F5084}.Debug|Any CPU.Build.0 = Debug|Any CPU
		{A343B1F0-82BE-4695-9A19-17078D6F5084}.Release|Any CPU.ActiveCfg = Release|Any CPU
		{A343B1F0-82BE-4695-9A19-17078D6F5084}.Release|Any CPU.Build.0 = Release|Any CPU
	EndGlobalSection
EndGlobal
